
Microsoft Visual Studio Solution File, Format Version 12.00
# Visual Studio Version 17
VisualStudioVersion = 17.10.35004.147
MinimumVisualStudioVersion = 10.0.40219.1
Project("{9A19103F-16F7-4668-BE54-9A1E7A4F7556}") = "ShortUrlSrv.App", "ShortUrlSrv.App.csproj", "{8D008927-143C-47FA-9C0E-02E2D2F66B1D}"
EndProject
Global
	GlobalSection(SolutionConfigurationPlatforms) = preSolution
		Debug|Any CPU = Debug|Any CPU
		Release|Any CPU = Release|Any CPU
	EndGlobalSection
	GlobalSection(ProjectConfigurationPlatforms) = postSolution
		{8D008927-143C-47FA-9C0E-02E2D2F66B1D}.Debug|Any CPU.ActiveCfg = Debug|Any CPU
		{8D008927-143C-47FA-9C0E-02E2D2F66B1D}.Debug|Any CPU.Build.0 = Debug|Any CPU
		{8D008927-143C-47FA-9C0E-02E2D2F66B1D}.Release|Any CPU.ActiveCfg = Release|Any CPU
		{8D008927-143C-47FA-9C0E-02E2D2F66B1D}.Release|Any CPU.Build.0 = Release|Any CPU
	EndGlobalSection
	GlobalSection(SolutionProperties) = preSolution
		HideSolutionNode = FALSE
	EndGlobalSection
	GlobalSection(ExtensibilityGlobals) = postSolution
		SolutionGuid = {7EE3B2D7-D32C-4F62-AA05-9A47B4F4027A}
	EndGlobalSection
EndGlobal
