
Microsoft Visual Studio Solution File, Format Version 12.00
# Visual Studio Version 17
VisualStudioVersion = 17.8.34309.116
MinimumVisualStudioVersion = 10.0.40219.1
Project("{9A19103F-16F7-4668-BE54-9A1E7A4F7556}") = "ShortUrlSrv.App", "ShortUrlSrv.App.csproj", "{56698B00-CBFC-4901-998F-81605C500492}"
EndProject
Global
	GlobalSection(SolutionConfigurationPlatforms) = preSolution
		Debug|Any CPU = Debug|Any CPU
		Release|Any CPU = Release|Any CPU
	EndGlobalSection
	GlobalSection(ProjectConfigurationPlatforms) = postSolution
		{56698B00-CBFC-4901-998F-81605C500492}.Debug|Any CPU.ActiveCfg = Debug|Any CPU
		{56698B00-CBFC-4901-998F-81605C500492}.Debug|Any CPU.Build.0 = Debug|Any CPU
		{56698B00-CBFC-4901-998F-81605C500492}.Release|Any CPU.ActiveCfg = Release|Any CPU
		{56698B00-CBFC-4901-998F-81605C500492}.Release|Any CPU.Build.0 = Release|Any CPU
	EndGlobalSection
	GlobalSection(SolutionProperties) = preSolution
		HideSolutionNode = FALSE
	EndGlobalSection
	GlobalSection(ExtensibilityGlobals) = postSolution
		SolutionGuid = {8ACCFC62-27E6-4841-AC2D-2CB1C151C7C8}
	EndGlobalSection
EndGlobal
