
Microsoft Visual Studio Solution File, Format Version 12.00
# Visual Studio Version 17
VisualStudioVersion = 17.8.34309.116
MinimumVisualStudioVersion = 10.0.40219.1
Project("{9A19103F-16F7-4668-BE54-9A1E7A4F7556}") = "ShortUrlAppWebAPI", "ShortUrlAppWebAPI.csproj", "{8E8D99C7-93A3-405D-95DD-50811372645D}"
EndProject
Global
	GlobalSection(SolutionConfigurationPlatforms) = preSolution
		Debug|Any CPU = Debug|Any CPU
		Release|Any CPU = Release|Any CPU
	EndGlobalSection
	GlobalSection(ProjectConfigurationPlatforms) = postSolution
		{8E8D99C7-93A3-405D-95DD-50811372645D}.Debug|Any CPU.ActiveCfg = Debug|Any CPU
		{8E8D99C7-93A3-405D-95DD-50811372645D}.Debug|Any CPU.Build.0 = Debug|Any CPU
		{8E8D99C7-93A3-405D-95DD-50811372645D}.Release|Any CPU.ActiveCfg = Release|Any CPU
		{8E8D99C7-93A3-405D-95DD-50811372645D}.Release|Any CPU.Build.0 = Release|Any CPU
	EndGlobalSection
	GlobalSection(SolutionProperties) = preSolution
		HideSolutionNode = FALSE
	EndGlobalSection
	GlobalSection(ExtensibilityGlobals) = postSolution
		SolutionGuid = {CBB0FF80-9B8C-4422-A9D5-4E5754C0928E}
	EndGlobalSection
EndGlobal
